schema: '2.0'
stages:
  data_ingestion:
    cmd: python src/fnd/component/s1_data_ingestion.py
    deps:
    - path: src/fnd/component/s1_data_ingestion.py
      hash: md5
      md5: c87eb6f42491467fe7b4355a7ad6135b
      size: 4578
    outs:
    - path: artifacts/data_ingestion
      hash: md5
      md5: 7b0e2694322891291730aa5798796f6d.dir
      size: 3162385
      nfiles: 4
  data_validation:
    cmd: python src/fnd/component/s2_data_validation.py
    deps:
    - path: artifacts/data_ingestion
      hash: md5
      md5: 7b0e2694322891291730aa5798796f6d.dir
      size: 3162385
      nfiles: 4
    - path: src/fnd/component/s2_data_validation.py
      hash: md5
      md5: 3fee2ae188f3fdb8ffabc351b72d003b
      size: 3018
  data_preprocessing:
    cmd: python src/fnd/component/s3_data_preprocessing.py
    deps:
    - path: artifacts/data_ingestion
      hash: md5
      md5: 7b0e2694322891291730aa5798796f6d.dir
      size: 3162385
      nfiles: 4
    - path: src/fnd/component/s3_data_preprocessing.py
      hash: md5
      md5: 15dae592950f32f77ee695561162c9d2
      size: 5967
    outs:
    - path: artifacts/data_preprocessing
      hash: md5
      md5: 97bfdee77641b04ac4ee89d31e101742.dir
      size: 109952546
      nfiles: 158
  data_transformation:
    cmd: python src/fnd/component/s4_data_transformation.py
    deps:
    - path: artifacts/data_preprocessing
      hash: md5
      md5: 97bfdee77641b04ac4ee89d31e101742.dir
      size: 109952546
      nfiles: 158
    - path: src/fnd/component/s4_data_transformation.py
      hash: md5
      md5: 451016e0ac93caae90c84b3b36e21461
      size: 3198
    outs:
    - path: artifacts/data_transformation
      hash: md5
      md5: 3b0dede1b6cec1823b5b7d22653b2e47.dir
      size: 4649340
      nfiles: 4
  model_training:
    cmd: python src/fnd/component/s5_model_training.py
    deps:
    - path: artifacts/data_transformation
      hash: md5
      md5: 3b0dede1b6cec1823b5b7d22653b2e47.dir
      size: 4649340
      nfiles: 4
    - path: src/fnd/component/s5_model_training.py
      hash: md5
      md5: fe208915da2ce0e199a4e9125599219a
      size: 3368
    outs:
    - path: artifacts/model
      hash: md5
      md5: 872a3237022a251f69e85d1d28cb7217.dir
      size: 697049
      nfiles: 2
  model_evaluation:
    cmd: python src/fnd/component/s6_model_evaluation.py
    deps:
    - path: artifacts/model
      hash: md5
      md5: 872a3237022a251f69e85d1d28cb7217.dir
      size: 697049
      nfiles: 2
    - path: src/fnd/component/s6_model_evaluation.py
      hash: md5
      md5: f9bc13811e30f351ceb92147584354af
      size: 5080
    outs:
    - path: artifacts/evaluation
      hash: md5
      md5: 5845de37e8ad1410e11f9d1fa5069d05.dir
      size: 1354
      nfiles: 1
